
Microsoft Visual Studio Solution File, Format Version 12.00
# Visual Studio Version 16
VisualStudioVersion = 16.0.30611.23
MinimumVisualStudioVersion = 10.0.40219.1
Project("{8BC9CEB8-8B4A-11D0-8D11-00A0C91BC942}") = "MarsExploration", "MarsExploration\MarsExploration.vcxproj", "{395D8638-A93F-4594-83A2-848850F0F6ED}"
EndProject
Global
	GlobalSection(SolutionConfigurationPlatforms) = preSolution
		Debug|x64 = Debug|x64
		Debug|x86 = Debug|x86
		Release|x64 = Release|x64
		Release|x86 = Release|x86
	EndGlobalSection
	GlobalSection(ProjectConfigurationPlatforms) = postSolution
		{395D8638-A93F-4594-83A2-848850F0F6ED}.Debug|x64.ActiveCfg = Debug|x64
		{395D8638-A93F-4594-83A2-848850F0F6ED}.Debug|x64.Build.0 = Debug|x64
		{395D8638-A93F-4594-83A2-848850F0F6ED}.Debug|x86.ActiveCfg = Debug|Win32
		{395D8638-A93F-4594-83A2-848850F0F6ED}.Debug|x86.Build.0 = Debug|Win32
		{395D8638-A93F-4594-83A2-848850F0F6ED}.Release|x64.ActiveCfg = Release|x64
		{395D8638-A93F-4594-83A2-848850F0F6ED}.Release|x64.Build.0 = Release|x64
		{395D8638-A93F-4594-83A2-848850F0F6ED}.Release|x86.ActiveCfg = Release|Win32
		{395D8638-A93F-4594-83A2-848850F0F6ED}.Release|x86.Build.0 = Release|Win32
	EndGlobalSection
	GlobalSection(SolutionProperties) = preSolution
		HideSolutionNode = FALSE
	EndGlobalSection
	GlobalSection(ExtensibilityGlobals) = postSolution
		SolutionGuid = {FF32821E-DD8E-4DEB-9B2D-0743E8029723}
	EndGlobalSection
EndGlobal
